
Microsoft Visual Studio Solution File, Format Version 12.00
# Visual Studio Version 17
VisualStudioVersion = 17.7.34031.279
MinimumVisualStudioVersion = 10.0.40219.1
Project("{2150E333-8FDC-42A3-9474-1A3956D46DE8}") = "Solution Items", "Solution Items", "{7C02A29A-9F4F-4A3D-8D7E-276241DECECF}"
	ProjectSection(SolutionItems) = preProject
		Assignments.md = Assignments.md
		Images.pptx = Images.pptx
		readme.md = readme.md
	EndProjectSection
EndProject
Project("{9A19103F-16F7-4668-BE54-9A1E7A4F7556}") = "CS_Types", "CS_Types\CS_Types.csproj", "{EB65C814-69EE-46E1-AC31-61EF9D3BC9AA}"
EndProject
Project("{9A19103F-16F7-4668-BE54-9A1E7A4F7556}") = "CS_Nullable", "CS_Nullable\CS_Nullable.csproj", "{FDA9022B-3F6C-43DB-98C2-F0083BBE13A1}"
EndProject
Project("{2150E333-8FDC-42A3-9474-1A3956D46DE8}") = "OOPs", "OOPs", "{4B7B1650-537F-4109-90AB-C114C6C9520E}"
EndProject
Project("{9A19103F-16F7-4668-BE54-9A1E7A4F7556}") = "CS_SImpleOOps", "CS_SImpleOOps\CS_SImpleOOps.csproj", "{FDBF336C-5498-4B29-9702-B80CEE89A72A}"
EndProject
Project("{9A19103F-16F7-4668-BE54-9A1E7A4F7556}") = "CS_DTO_Logic", "CS_DTO_Logic\CS_DTO_Logic.csproj", "{31FD5227-A81A-481F-A3D9-56110A161F07}"
EndProject
Project("{9A19103F-16F7-4668-BE54-9A1E7A4F7556}") = "CS_ClassDesign", "CS_ClassDesign\CS_ClassDesign.csproj", "{F10BF975-D26F-44DA-B5E0-40A7A9C7EF8F}"
EndProject
Project("{9A19103F-16F7-4668-BE54-9A1E7A4F7556}") = "CS_Inheritence", "CS_Inheritence\CS_Inheritence.csproj", "{FCA9CB83-70A2-4F04-B5C7-FF71F27EADD1}"
EndProject
Project("{2150E333-8FDC-42A3-9474-1A3956D46DE8}") = "InMemoryDataStore", "InMemoryDataStore", "{ABE04080-C775-4B84-B6CF-3F9C525A1FBF}"
EndProject
Project("{9A19103F-16F7-4668-BE54-9A1E7A4F7556}") = "CS_Collection", "CS_Collection\CS_Collection.csproj", "{9CAA05EA-20C4-43A9-829B-B5DB797CB947}"
EndProject
Project("{9A19103F-16F7-4668-BE54-9A1E7A4F7556}") = "CS_Boxing_UnBoxing", "CS_Boxing_UnBoxing\CS_Boxing_UnBoxing.csproj", "{9E6AC773-90E7-44EA-BD3F-79F9CC1EB19F}"
EndProject
Project("{9A19103F-16F7-4668-BE54-9A1E7A4F7556}") = "CS_Generics", "CS_Generics\CS_Generics.csproj", "{F5CD4380-192A-40B4-94E1-0D135A5331FA}"
EndProject
Project("{9A19103F-16F7-4668-BE54-9A1E7A4F7556}") = "CS_Dictionary", "CS_Dictionary\CS_Dictionary.csproj", "{6AA017CE-9AAE-412C-ABE2-F73F0B7221CA}"
EndProject
Project("{9A19103F-16F7-4668-BE54-9A1E7A4F7556}") = "CS_Dictionay_Database", "CS_Dictionay_Database\CS_Dictionay_Database.csproj", "{AF468A22-423B-466B-8D8E-B575E413C8C7}"
EndProject
Project("{9A19103F-16F7-4668-BE54-9A1E7A4F7556}") = "CS_Generic_Stack", "CS_Generic_Stack\CS_Generic_Stack.csproj", "{62DEB0EA-0D43-40B9-8B44-8A62E2C38AF9}"
EndProject
Project("{9A19103F-16F7-4668-BE54-9A1E7A4F7556}") = "CS_SealedClass", "CS_SealedClass\CS_SealedClass.csproj", "{FD2EDD31-DCD3-4B29-ADA6-0307ABBE8C40}"
EndProject
Project("{FAE04EC0-301F-11D3-BF4B-00C04F79EFBC}") = "CS_Interfaces", "CS_Interfaces\CS_Interfaces.csproj", "{D30B0398-5E67-4E6F-B7A8-9CC19F641700}"
EndProject
Project("{FAE04EC0-301F-11D3-BF4B-00C04F79EFBC}") = "CS_TaxCalculator", "CS_TaxCalculator\CS_TaxCalculator.csproj", "{37A23E1A-7BD6-43E1-BFE4-35445B08C6BA}"
EndProject
Project("{2150E333-8FDC-42A3-9474-1A3956D46DE8}") = "Delegate_Events", "Delegate_Events", "{99DDE07B-FD54-4EC7-8969-1477C8F9500E}"
EndProject
Project("{FAE04EC0-301F-11D3-BF4B-00C04F79EFBC}") = "CS_Delegate", "CS_Delegate\CS_Delegate.csproj", "{40080DF7-531E-4E06-9FB9-D4612A2858F2}"
EndProject
Project("{FAE04EC0-301F-11D3-BF4B-00C04F79EFBC}") = "CS_Event", "CS_Event\CS_Event.csproj", "{D42CF4BB-6912-44FA-A997-5E2724506490}"
EndProject
Project("{FAE04EC0-301F-11D3-BF4B-00C04F79EFBC}") = "CS)CollectionRead", "CS)CollectionRead\CS)CollectionRead.csproj", "{40822D95-41D2-4FED-9EE7-32F8E8E24599}"
EndProject
Project("{2150E333-8FDC-42A3-9474-1A3956D46DE8}") = "LINQ", "LINQ", "{B46B7899-8ECA-4417-B35E-11C0A930459C}"
EndProject
Project("{FAE04EC0-301F-11D3-BF4B-00C04F79EFBC}") = "CS_DEMO_LINQ", "CS_DEMO_LINQ\CS_DEMO_LINQ.csproj", "{D02C1C92-FE4A-48FA-BB60-4B589E815F37}"
EndProject
Global
	GlobalSection(SolutionConfigurationPlatforms) = preSolution
		Debug|Any CPU = Debug|Any CPU
		Release|Any CPU = Release|Any CPU
	EndGlobalSection
	GlobalSection(ProjectConfigurationPlatforms) = postSolution
		{EB65C814-69EE-46E1-AC31-61EF9D3BC9AA}.Debug|Any CPU.ActiveCfg = Debug|Any CPU
		{EB65C814-69EE-46E1-AC31-61EF9D3BC9AA}.Debug|Any CPU.Build.0 = Debug|Any CPU
		{EB65C814-69EE-46E1-AC31-61EF9D3BC9AA}.Release|Any CPU.ActiveCfg = Release|Any CPU
		{EB65C814-69EE-46E1-AC31-61EF9D3BC9AA}.Release|Any CPU.Build.0 = Release|Any CPU
		{FDA9022B-3F6C-43DB-98C2-F0083BBE13A1}.Debug|Any CPU.ActiveCfg = Debug|Any CPU
		{FDA9022B-3F6C-43DB-98C2-F0083BBE13A1}.Debug|Any CPU.Build.0 = Debug|Any CPU
		{FDA9022B-3F6C-43DB-98C2-F0083BBE13A1}.Release|Any CPU.ActiveCfg = Release|Any CPU
		{FDA9022B-3F6C-43DB-98C2-F0083BBE13A1}.Release|Any CPU.Build.0 = Release|Any CPU
		{FDBF336C-5498-4B29-9702-B80CEE89A72A}.Debug|Any CPU.ActiveCfg = Debug|Any CPU
		{FDBF336C-5498-4B29-9702-B80CEE89A72A}.Debug|Any CPU.Build.0 = Debug|Any CPU
		{FDBF336C-5498-4B29-9702-B80CEE89A72A}.Release|Any CPU.ActiveCfg = Release|Any CPU
		{FDBF336C-5498-4B29-9702-B80CEE89A72A}.Release|Any CPU.Build.0 = Release|Any CPU
		{31FD5227-A81A-481F-A3D9-56110A161F07}.Debug|Any CPU.ActiveCfg = Debug|Any CPU
		{31FD5227-A81A-481F-A3D9-56110A161F07}.Debug|Any CPU.Build.0 = Debug|Any CPU
		{31FD5227-A81A-481F-A3D9-56110A161F07}.Release|Any CPU.ActiveCfg = Release|Any CPU
		{31FD5227-A81A-481F-A3D9-56110A161F07}.Release|Any CPU.Build.0 = Release|Any CPU
		{F10BF975-D26F-44DA-B5E0-40A7A9C7EF8F}.Debug|Any CPU.ActiveCfg = Debug|Any CPU
		{F10BF975-D26F-44DA-B5E0-40A7A9C7EF8F}.Debug|Any CPU.Build.0 = Debug|Any CPU
		{F10BF975-D26F-44DA-B5E0-40A7A9C7EF8F}.Release|Any CPU.ActiveCfg = Release|Any CPU
		{F10BF975-D26F-44DA-B5E0-40A7A9C7EF8F}.Release|Any CPU.Build.0 = Release|Any CPU
		{FCA9CB83-70A2-4F04-B5C7-FF71F27EADD1}.Debug|Any CPU.ActiveCfg = Debug|Any CPU
		{FCA9CB83-70A2-4F04-B5C7-FF71F27EADD1}.Debug|Any CPU.Build.0 = Debug|Any CPU
		{FCA9CB83-70A2-4F04-B5C7-FF71F27EADD1}.Release|Any CPU.ActiveCfg = Release|Any CPU
		{FCA9CB83-70A2-4F04-B5C7-FF71F27EADD1}.Release|Any CPU.Build.0 = Release|Any CPU
		{9CAA05EA-20C4-43A9-829B-B5DB797CB947}.Debug|Any CPU.ActiveCfg = Debug|Any CPU
		{9CAA05EA-20C4-43A9-829B-B5DB797CB947}.Debug|Any CPU.Build.0 = Debug|Any CPU
		{9CAA05EA-20C4-43A9-829B-B5DB797CB947}.Release|Any CPU.ActiveCfg = Release|Any CPU
		{9CAA05EA-20C4-43A9-829B-B5DB797CB947}.Release|Any CPU.Build.0 = Release|Any CPU
		{9E6AC773-90E7-44EA-BD3F-79F9CC1EB19F}.Debug|Any CPU.ActiveCfg = Debug|Any CPU
		{9E6AC773-90E7-44EA-BD3F-79F9CC1EB19F}.Debug|Any CPU.Build.0 = Debug|Any CPU
		{9E6AC773-90E7-44EA-BD3F-79F9CC1EB19F}.Release|Any CPU.ActiveCfg = Release|Any CPU
		{9E6AC773-90E7-44EA-BD3F-79F9CC1EB19F}.Release|Any CPU.Build.0 = Release|Any CPU
		{F5CD4380-192A-40B4-94E1-0D135A5331FA}.Debug|Any CPU.ActiveCfg = Debug|Any CPU
		{F5CD4380-192A-40B4-94E1-0D135A5331FA}.Debug|Any CPU.Build.0 = Debug|Any CPU
		{F5CD4380-192A-40B4-94E1-0D135A5331FA}.Release|Any CPU.ActiveCfg = Release|Any CPU
		{F5CD4380-192A-40B4-94E1-0D135A5331FA}.Release|Any CPU.Build.0 = Release|Any CPU
		{6AA017CE-9AAE-412C-ABE2-F73F0B7221CA}.Debug|Any CPU.ActiveCfg = Debug|Any CPU
		{6AA017CE-9AAE-412C-ABE2-F73F0B7221CA}.Debug|Any CPU.Build.0 = Debug|Any CPU
		{6AA017CE-9AAE-412C-ABE2-F73F0B7221CA}.Release|Any CPU.ActiveCfg = Release|Any CPU
		{6AA017CE-9AAE-412C-ABE2-F73F0B7221CA}.Release|Any CPU.Build.0 = Release|Any CPU
		{AF468A22-423B-466B-8D8E-B575E413C8C7}.Debug|Any CPU.ActiveCfg = Debug|Any CPU
		{AF468A22-423B-466B-8D8E-B575E413C8C7}.Debug|Any CPU.Build.0 = Debug|Any CPU
		{AF468A22-423B-466B-8D8E-B575E413C8C7}.Release|Any CPU.ActiveCfg = Release|Any CPU
		{AF468A22-423B-466B-8D8E-B575E413C8C7}.Release|Any CPU.Build.0 = Release|Any CPU
		{62DEB0EA-0D43-40B9-8B44-8A62E2C38AF9}.Debug|Any CPU.ActiveCfg = Debug|Any CPU
		{62DEB0EA-0D43-40B9-8B44-8A62E2C38AF9}.Debug|Any CPU.Build.0 = Debug|Any CPU
		{62DEB0EA-0D43-40B9-8B44-8A62E2C38AF9}.Release|Any CPU.ActiveCfg = Release|Any CPU
		{62DEB0EA-0D43-40B9-8B44-8A62E2C38AF9}.Release|Any CPU.Build.0 = Release|Any CPU
		{FD2EDD31-DCD3-4B29-ADA6-0307ABBE8C40}.Debug|Any CPU.ActiveCfg = Debug|Any CPU
		{FD2EDD31-DCD3-4B29-ADA6-0307ABBE8C40}.Debug|Any CPU.Build.0 = Debug|Any CPU
		{FD2EDD31-DCD3-4B29-ADA6-0307ABBE8C40}.Release|Any CPU.ActiveCfg = Release|Any CPU
		{FD2EDD31-DCD3-4B29-ADA6-0307ABBE8C40}.Release|Any CPU.Build.0 = Release|Any CPU
		{D30B0398-5E67-4E6F-B7A8-9CC19F641700}.Debug|Any CPU.ActiveCfg = Debug|Any CPU
		{D30B0398-5E67-4E6F-B7A8-9CC19F641700}.Debug|Any CPU.Build.0 = Debug|Any CPU
		{D30B0398-5E67-4E6F-B7A8-9CC19F641700}.Release|Any CPU.ActiveCfg = Release|Any CPU
		{D30B0398-5E67-4E6F-B7A8-9CC19F641700}.Release|Any CPU.Build.0 = Release|Any CPU
		{37A23E1A-7BD6-43E1-BFE4-35445B08C6BA}.Debug|Any CPU.ActiveCfg = Debug|Any CPU
		{37A23E1A-7BD6-43E1-BFE4-35445B08C6BA}.Debug|Any CPU.Build.0 = Debug|Any CPU
		{37A23E1A-7BD6-43E1-BFE4-35445B08C6BA}.Release|Any CPU.ActiveCfg = Release|Any CPU
		{37A23E1A-7BD6-43E1-BFE4-35445B08C6BA}.Release|Any CPU.Build.0 = Release|Any CPU
		{40080DF7-531E-4E06-9FB9-D4612A2858F2}.Debug|Any CPU.ActiveCfg = Debug|Any CPU
		{40080DF7-531E-4E06-9FB9-D4612A2858F2}.Debug|Any CPU.Build.0 = Debug|Any CPU
		{40080DF7-531E-4E06-9FB9-D4612A2858F2}.Release|Any CPU.ActiveCfg = Release|Any CPU
		{40080DF7-531E-4E06-9FB9-D4612A2858F2}.Release|Any CPU.Build.0 = Release|Any CPU
		{D42CF4BB-6912-44FA-A997-5E2724506490}.Debug|Any CPU.ActiveCfg = Debug|Any CPU
		{D42CF4BB-6912-44FA-A997-5E2724506490}.Debug|Any CPU.Build.0 = Debug|Any CPU
		{D42CF4BB-6912-44FA-A997-5E2724506490}.Release|Any CPU.ActiveCfg = Release|Any CPU
		{D42CF4BB-6912-44FA-A997-5E2724506490}.Release|Any CPU.Build.0 = Release|Any CPU
		{40822D95-41D2-4FED-9EE7-32F8E8E24599}.Debug|Any CPU.ActiveCfg = Debug|Any CPU
		{40822D95-41D2-4FED-9EE7-32F8E8E24599}.Debug|Any CPU.Build.0 = Debug|Any CPU
		{40822D95-41D2-4FED-9EE7-32F8E8E24599}.Release|Any CPU.ActiveCfg = Release|Any CPU
		{40822D95-41D2-4FED-9EE7-32F8E8E24599}.Release|Any CPU.Build.0 = Release|Any CPU
		{D02C1C92-FE4A-48FA-BB60-4B589E815F37}.Debug|Any CPU.ActiveCfg = Debug|Any CPU
		{D02C1C92-FE4A-48FA-BB60-4B589E815F37}.Debug|Any CPU.Build.0 = Debug|Any CPU
		{D02C1C92-FE4A-48FA-BB60-4B589E815F37}.Release|Any CPU.ActiveCfg = Release|Any CPU
		{D02C1C92-FE4A-48FA-BB60-4B589E815F37}.Release|Any CPU.Build.0 = Release|Any CPU
	EndGlobalSection
	GlobalSection(SolutionProperties) = preSolution
		HideSolutionNode = FALSE
	EndGlobalSection
	GlobalSection(NestedProjects) = preSolution
		{FDBF336C-5498-4B29-9702-B80CEE89A72A} = {4B7B1650-537F-4109-90AB-C114C6C9520E}
		{31FD5227-A81A-481F-A3D9-56110A161F07} = {4B7B1650-537F-4109-90AB-C114C6C9520E}
		{F10BF975-D26F-44DA-B5E0-40A7A9C7EF8F} = {4B7B1650-537F-4109-90AB-C114C6C9520E}
		{FCA9CB83-70A2-4F04-B5C7-FF71F27EADD1} = {4B7B1650-537F-4109-90AB-C114C6C9520E}
		{9CAA05EA-20C4-43A9-829B-B5DB797CB947} = {ABE04080-C775-4B84-B6CF-3F9C525A1FBF}
		{9E6AC773-90E7-44EA-BD3F-79F9CC1EB19F} = {ABE04080-C775-4B84-B6CF-3F9C525A1FBF}
		{F5CD4380-192A-40B4-94E1-0D135A5331FA} = {ABE04080-C775-4B84-B6CF-3F9C525A1FBF}
		{6AA017CE-9AAE-412C-ABE2-F73F0B7221CA} = {ABE04080-C775-4B84-B6CF-3F9C525A1FBF}
		{AF468A22-423B-466B-8D8E-B575E413C8C7} = {ABE04080-C775-4B84-B6CF-3F9C525A1FBF}
		{62DEB0EA-0D43-40B9-8B44-8A62E2C38AF9} = {ABE04080-C775-4B84-B6CF-3F9C525A1FBF}
		{FD2EDD31-DCD3-4B29-ADA6-0307ABBE8C40} = {4B7B1650-537F-4109-90AB-C114C6C9520E}
		{D30B0398-5E67-4E6F-B7A8-9CC19F641700} = {4B7B1650-537F-4109-90AB-C114C6C9520E}
		{37A23E1A-7BD6-43E1-BFE4-35445B08C6BA} = {4B7B1650-537F-4109-90AB-C114C6C9520E}
		{40080DF7-531E-4E06-9FB9-D4612A2858F2} = {99DDE07B-FD54-4EC7-8969-1477C8F9500E}
		{D42CF4BB-6912-44FA-A997-5E2724506490} = {99DDE07B-FD54-4EC7-8969-1477C8F9500E}
		{40822D95-41D2-4FED-9EE7-32F8E8E24599} = {4B7B1650-537F-4109-90AB-C114C6C9520E}
		{D02C1C92-FE4A-48FA-BB60-4B589E815F37} = {B46B7899-8ECA-4417-B35E-11C0A930459C}
	EndGlobalSection
	GlobalSection(ExtensibilityGlobals) = postSolution
		SolutionGuid = {DDDBE489-836C-4F7A-A817-EE5671471827}
	EndGlobalSection
EndGlobal
